# This file is generated by running "yarn install" inside your project.
# Manual changes might be lost - proceed with caution!

__metadata:
  version: 8
  cacheKey: 10c0

"@types/node@npm:^22.9.4":
  version: 22.9.4
  resolution: "@types/node@npm:22.9.4"
  dependencies:
    undici-types: "npm:~6.19.8"
  checksum: 10c0/85521424033d32c2cb2279f1a2dfe9a3630f253a4c877352607eece2b5fe45ddd80acc608dfcef9ae9c2b385203332e53cc1b6cb15c958504b26011ddcf65d4f
  languageName: node
  linkType: hard

"liturgical-calendar@workspace:.":
  version: 0.0.0-use.local
  resolution: "liturgical-calendar@workspace:."
  dependencies:
    "@types/node": "npm:^22.9.4"
    typescript: "npm:^5.7.2"
    yaml: "npm:^2.6.1"
  languageName: unknown
  linkType: soft

"typescript@npm:^5.7.2":
  version: 5.7.2
  resolution: "typescript@npm:5.7.2"
  bin:
    tsc: bin/tsc
    tsserver: bin/tsserver
  checksum: 10c0/a873118b5201b2ef332127ef5c63fb9d9c155e6fdbe211cbd9d8e65877283797cca76546bad742eea36ed7efbe3424a30376818f79c7318512064e8625d61622
  languageName: node
  linkType: hard

"typescript@patch:typescript@npm%3A^5.7.2#optional!builtin<compat/typescript>":
  version: 5.7.2
  resolution: "typescript@patch:typescript@npm%3A5.7.2#optional!builtin<compat/typescript>::version=5.7.2&hash=5786d5"
  bin:
    tsc: bin/tsc
    tsserver: bin/tsserver
  checksum: 10c0/f3b8082c9d1d1629a215245c9087df56cb784f9fb6f27b5d55577a20e68afe2a889c040aacff6d27e35be165ecf9dca66e694c42eb9a50b3b2c451b36b5675cb
  languageName: node
  linkType: hard

"undici-types@npm:~6.19.8":
  version: 6.19.8
  resolution: "undici-types@npm:6.19.8"
  checksum: 10c0/078afa5990fba110f6824823ace86073b4638f1d5112ee26e790155f481f2a868cc3e0615505b6f4282bdf74a3d8caad715fd809e870c2bb0704e3ea6082f344
  languageName: node
  linkType: hard

"yaml@npm:^2.6.1":
  version: 2.6.1
  resolution: "yaml@npm:2.6.1"
  bin:
    yaml: bin.mjs
  checksum: 10c0/aebf07f61c72b38c74d2b60c3a3ccf89ee4da45bcd94b2bfb7899ba07a5257625a7c9f717c65a6fc511563d48001e01deb1d9e55f0133f3e2edf86039c8c1be7
  languageName: node
  linkType: hard
